// !$*UTF8*$!
{
	archiveVersion = 1;
	classes = {
	};
	objectVersion = 46;
	objects = {

/* Begin PBXBuildFile section */
		2108F5381B45510E00E22BE1 /* AppDelegate.swift in Sources */ = {isa = PBXBuildFile; fileRef = 2108F5371B45510E00E22BE1 /* AppDelegate.swift */; };
		2108F53A1B45510E00E22BE1 /* ViewController.swift in Sources */ = {isa = PBXBuildFile; fileRef = 2108F5391B45510E00E22BE1 /* ViewController.swift */; };
		2108F53D1B45510E00E22BE1 /* Main.storyboard in Resources */ = {isa = PBXBuildFile; fileRef = 2108F53B1B45510E00E22BE1 /* Main.storyboard */; };
		2108F53F1B45510E00E22BE1 /* Images.xcassets in Resources */ = {isa = PBXBuildFile; fileRef = 2108F53E1B45510E00E22BE1 /* Images.xcassets */; };
		2108F5421B45510E00E22BE1 /* LaunchScreen.xib in Resources */ = {isa = PBXBuildFile; fileRef = 2108F5401B45510E00E22BE1 /* LaunchScreen.xib */; };
		2108F54E1B45510E00E22BE1 /* MicropostsClientTests.swift in Sources */ = {isa = PBXBuildFile; fileRef = 2108F54D1B45510E00E22BE1 /* MicropostsClientTests.swift */; };
		216D75361B5DC084004F145F /* LoginViewController.swift in Sources */ = {isa = PBXBuildFile; fileRef = 216D75351B5DC084004F145F /* LoginViewController.swift */; };
		21A228351B511C8400A7D727 /* ParsedTweet.swift in Sources */ = {isa = PBXBuildFile; fileRef = 21A228341B511C8400A7D727 /* ParsedTweet.swift */; };
		21A228371B520B4D00A7D727 /* ParsedTweetCell.swift in Sources */ = {isa = PBXBuildFile; fileRef = 21A228361B520B4D00A7D727 /* ParsedTweetCell.swift */; };
		21E81B261B80D2E700AFB6D0 /* UserDetailViewController.swift in Sources */ = {isa = PBXBuildFile; fileRef = 21E81B251B80D2E700AFB6D0 /* UserDetailViewController.swift */; };
		F88E7965F3F4B32BA39883CB /* Pods.framework in Frameworks */ = {isa = PBXBuildFile; fileRef = 05906DDC6FA941E73A6B74A1 /* Pods.framework */; settings = {ATTRIBUTES = (Weak, ); }; };
/* End PBXBuildFile section */

/* Begin PBXContainerItemProxy section */
		2108F5481B45510E00E22BE1 /* PBXContainerItemProxy */ = {
			isa = PBXContainerItemProxy;
			containerPortal = 2108F52A1B45510E00E22BE1 /* Project object */;
			proxyType = 1;
			remoteGlobalIDString = 2108F5311B45510E00E22BE1;
			remoteInfo = MicropostsClient;
		};
/* End PBXContainerItemProxy section */

/* Begin PBXFileReference section */
		05906DDC6FA941E73A6B74A1 /* Pods.framework */ = {isa = PBXFileReference; explicitFileType = wrapper.framework; includeInIndex = 0; path = Pods.framework; sourceTree = BUILT_PRODUCTS_DIR; };
		2108F5321B45510E00E22BE1 /* MicropostsClient.app */ = {isa = PBXFileReference; explicitFileType = wrapper.application; includeInIndex = 0; path = MicropostsClient.app; sourceTree = BUILT_PRODUCTS_DIR; };
		2108F5361B45510E00E22BE1 /* Info.plist */ = {isa = PBXFileReference; lastKnownFileType = text.plist.xml; path = Info.plist; sourceTree = "<group>"; };
		2108F5371B45510E00E22BE1 /* AppDelegate.swift */ = {isa = PBXFileReference; lastKnownFileType = sourcecode.swift; path = AppDelegate.swift; sourceTree = "<group>"; };
		2108F5391B45510E00E22BE1 /* ViewController.swift */ = {isa = PBXFileReference; lastKnownFileType = sourcecode.swift; path = ViewController.swift; sourceTree = "<group>"; };
		2108F53C1B45510E00E22BE1 /* Base */ = {isa = PBXFileReference; lastKnownFileType = file.storyboard; name = Base; path = Base.lproj/Main.storyboard; sourceTree = "<group>"; };
		2108F53E1B45510E00E22BE1 /* Images.xcassets */ = {isa = PBXFileReference; lastKnownFileType = folder.assetcatalog; path = Images.xcassets; sourceTree = "<group>"; };
		2108F5411B45510E00E22BE1 /* Base */ = {isa = PBXFileReference; lastKnownFileType = file.xib; name = Base; path = Base.lproj/LaunchScreen.xib; sourceTree = "<group>"; };
		2108F5471B45510E00E22BE1 /* MicropostsClientTests.xctest */ = {isa = PBXFileReference; explicitFileType = wrapper.cfbundle; includeInIndex = 0; path = MicropostsClientTests.xctest; sourceTree = BUILT_PRODUCTS_DIR; };
		2108F54C1B45510E00E22BE1 /* Info.plist */ = {isa = PBXFileReference; lastKnownFileType = text.plist.xml; path = Info.plist; sourceTree = "<group>"; };
		2108F54D1B45510E00E22BE1 /* MicropostsClientTests.swift */ = {isa = PBXFileReference; lastKnownFileType = sourcecode.swift; path = MicropostsClientTests.swift; sourceTree = "<group>"; };
		216D75351B5DC084004F145F /* LoginViewController.swift */ = {isa = PBXFileReference; fileEncoding = 4; lastKnownFileType = sourcecode.swift; path = LoginViewController.swift; sourceTree = "<group>"; };
		21A228341B511C8400A7D727 /* ParsedTweet.swift */ = {isa = PBXFileReference; fileEncoding = 4; lastKnownFileType = sourcecode.swift; path = ParsedTweet.swift; sourceTree = "<group>"; };
		21A228361B520B4D00A7D727 /* ParsedTweetCell.swift */ = {isa = PBXFileReference; fileEncoding = 4; lastKnownFileType = sourcecode.swift; path = ParsedTweetCell.swift; sourceTree = "<group>"; };
		21E81B251B80D2E700AFB6D0 /* UserDetailViewController.swift */ = {isa = PBXFileReference; fileEncoding = 4; lastKnownFileType = sourcecode.swift; path = UserDetailViewController.swift; sourceTree = "<group>"; };
		2CB8697D70D86EBC06A65D64 /* Pods.release.xcconfig */ = {isa = PBXFileReference; includeInIndex = 1; lastKnownFileType = text.xcconfig; name = Pods.release.xcconfig; path = "Pods/Target Support Files/Pods/Pods.release.xcconfig"; sourceTree = "<group>"; };
		668E876D56C559E5EDA84847 /* Pods.debug.xcconfig */ = {isa = PBXFileReference; includeInIndex = 1; lastKnownFileType = text.xcconfig; name = Pods.debug.xcconfig; path = "Pods/Target Support Files/Pods/Pods.debug.xcconfig"; sourceTree = "<group>"; };
/* End PBXFileReference section */

/* Begin PBXFrameworksBuildPhase section */
		2108F52F1B45510E00E22BE1 /* Frameworks */ = {
			isa = PBXFrameworksBuildPhase;
			buildActionMask = 2147483647;
			files = (
				F88E7965F3F4B32BA39883CB /* Pods.framework in Frameworks */,
			);
			runOnlyForDeploymentPostprocessing = 0;
		};
		2108F5441B45510E00E22BE1 /* Frameworks */ = {
			isa = PBXFrameworksBuildPhase;
			buildActionMask = 2147483647;
			files = (
			);
			runOnlyForDeploymentPostprocessing = 0;
		};
/* End PBXFrameworksBuildPhase section */

/* Begin PBXGroup section */
		2108F5291B45510E00E22BE1 = {
			isa = PBXGroup;
			children = (
				21E81B251B80D2E700AFB6D0 /* UserDetailViewController.swift */,
				2108F5341B45510E00E22BE1 /* MicropostsClient */,
				2108F54A1B45510E00E22BE1 /* MicropostsClientTests */,
				2108F5331B45510E00E22BE1 /* Products */,
				8D18CF701FC99034CD3C0B52 /* Pods */,
				9C3EBC30E339947D1191B0DE /* Frameworks */,
			);
			sourceTree = "<group>";
		};
		2108F5331B45510E00E22BE1 /* Products */ = {
			isa = PBXGroup;
			children = (
				2108F5321B45510E00E22BE1 /* MicropostsClient.app */,
				2108F5471B45510E00E22BE1 /* MicropostsClientTests.xctest */,
			);
			name = Products;
			sourceTree = "<group>";
		};
		2108F5341B45510E00E22BE1 /* MicropostsClient */ = {
			isa = PBXGroup;
			children = (
				2108F5371B45510E00E22BE1 /* AppDelegate.swift */,
				2108F5391B45510E00E22BE1 /* ViewController.swift */,
				21A228341B511C8400A7D727 /* ParsedTweet.swift */,
				2108F53B1B45510E00E22BE1 /* Main.storyboard */,
				2108F53E1B45510E00E22BE1 /* Images.xcassets */,
				2108F5401B45510E00E22BE1 /* LaunchScreen.xib */,
				2108F5351B45510E00E22BE1 /* Supporting Files */,
				21A228361B520B4D00A7D727 /* ParsedTweetCell.swift */,
				216D75351B5DC084004F145F /* LoginViewController.swift */,
			);
			path = MicropostsClient;
			sourceTree = "<group>";
		};
		2108F5351B45510E00E22BE1 /* Supporting Files */ = {
			isa = PBXGroup;
			children = (
				2108F5361B45510E00E22BE1 /* Info.plist */,
			);
			name = "Supporting Files";
			sourceTree = "<group>";
		};
		2108F54A1B45510E00E22BE1 /* MicropostsClientTests */ = {
			isa = PBXGroup;
			children = (
				2108F54D1B45510E00E22BE1 /* MicropostsClientTests.swift */,
				2108F54B1B45510E00E22BE1 /* Supporting Files */,
			);
			path = MicropostsClientTests;
			sourceTree = "<group>";
		};
		2108F54B1B45510E00E22BE1 /* Supporting Files */ = {
			isa = PBXGroup;
			children = (
				2108F54C1B45510E00E22BE1 /* Info.plist */,
			);
			name = "Supporting Files";
			sourceTree = "<group>";
		};
		8D18CF701FC99034CD3C0B52 /* Pods */ = {
			isa = PBXGroup;
			children = (
				668E876D56C559E5EDA84847 /* Pods.debug.xcconfig */,
				2CB8697D70D86EBC06A65D64 /* Pods.release.xcconfig */,
			);
			name = Pods;
			sourceTree = "<group>";
		};
		9C3EBC30E339947D1191B0DE /* Frameworks */ = {
			isa = PBXGroup;
			children = (
				05906DDC6FA941E73A6B74A1 /* Pods.framework */,
			);
			name = Frameworks;
			sourceTree = "<group>";
		};
/* End PBXGroup section */

/* Begin PBXNativeTarget section */
		2108F5311B45510E00E22BE1 /* MicropostsClient */ = {
			isa = PBXNativeTarget;
			buildConfigurationList = 2108F5511B45510E00E22BE1 /* Build configuration list for PBXNativeTarget "MicropostsClient" */;
			buildPhases = (
				98E96902B88708576D919F1F /* Check Pods Manifest.lock */,
				2108F52E1B45510E00E22BE1 /* Sources */,
				2108F52F1B45510E00E22BE1 /* Frameworks */,
				2108F5301B45510E00E22BE1 /* Resources */,
				E785132AC99228D050EBA11F /* Embed Pods Frameworks */,
				781574F461BB024B4B3A00EC /* Copy Pods Resources */,
			);
			buildRules = (
			);
			dependencies = (
			);
			name = MicropostsClient;
			productName = MicropostsClient;
			productReference = 2108F5321B45510E00E22BE1 /* MicropostsClient.app */;
			productType = "com.apple.product-type.application";
		};
		2108F5461B45510E00E22BE1 /* MicropostsClientTests */ = {
			isa = PBXNativeTarget;
			buildConfigurationList = 2108F5541B45510E00E22BE1 /* Build configuration list for PBXNativeTarget "MicropostsClientTests" */;
			buildPhases = (
				2108F5431B45510E00E22BE1 /* Sources */,
				2108F5441B45510E00E22BE1 /* Frameworks */,
				2108F5451B45510E00E22BE1 /* Resources */,
			);
			buildRules = (
			);
			dependencies = (
				2108F5491B45510E00E22BE1 /* PBXTargetDependency */,
			);
			name = MicropostsClientTests;
			productName = MicropostsClientTests;
			productReference = 2108F5471B45510E00E22BE1 /* MicropostsClientTests.xctest */;
			productType = "com.apple.product-type.bundle.unit-test";
		};
/* End PBXNativeTarget section */

/* Begin PBXProject section */
		2108F52A1B45510E00E22BE1 /* Project object */ = {
			isa = PBXProject;
			attributes = {
				LastUpgradeCheck = 0630;
				ORGANIZATIONNAME = "mo-fu.org";
				TargetAttributes = {
					2108F5311B45510E00E22BE1 = {
						CreatedOnToolsVersion = 6.3.2;
					};
					2108F5461B45510E00E22BE1 = {
						CreatedOnToolsVersion = 6.3.2;
						TestTargetID = 2108F5311B45510E00E22BE1;
					};
				};
			};
			buildConfigurationList = 2108F52D1B45510E00E22BE1 /* Build configuration list for PBXProject "MicropostsClient" */;
			compatibilityVersion = "Xcode 3.2";
			developmentRegion = English;
			hasScannedForEncodings = 0;
			knownRegions = (
				en,
				Base,
			);
			mainGroup = 2108F5291B45510E00E22BE1;
			productRefGroup = 2108F5331B45510E00E22BE1 /* Products */;
			projectDirPath = "";
			projectRoot = "";
			targets = (
				2108F5311B45510E00E22BE1 /* MicropostsClient */,
				2108F5461B45510E00E22BE1 /* MicropostsClientTests */,
			);
		};
/* End PBXProject section */

/* Begin PBXResourcesBuildPhase section */
		2108F5301B45510E00E22BE1 /* Resources */ = {
			isa = PBXResourcesBuildPhase;
			buildActionMask = 2147483647;
			files = (
				2108F53D1B45510E00E22BE1 /* Main.storyboard in Resources */,
				2108F5421B45510E00E22BE1 /* LaunchScreen.xib in Resources */,
				2108F53F1B45510E00E22BE1 /* Images.xcassets in Resources */,
			);
			runOnlyForDeploymentPostprocessing = 0;
		};
		2108F5451B45510E00E22BE1 /* Resources */ = {
			isa = PBXResourcesBuildPhase;
			buildActionMask = 2147483647;
			files = (
			);
			runOnlyForDeploymentPostprocessing = 0;
		};
/* End PBXResourcesBuildPhase section */

/* Begin PBXShellScriptBuildPhase section */
		781574F461BB024B4B3A00EC /* Copy Pods Resources */ = {
			isa = PBXShellScriptBuildPhase;
			buildActionMask = 2147483647;
			files = (
			);
			inputPaths = (
			);
			name = "Copy Pods Resources";
			outputPaths = (
			);
			runOnlyForDeploymentPostprocessing = 0;
			shellPath = /bin/sh;
			shellScript = "\"${SRCROOT}/Pods/Target Support Files/Pods/Pods-resources.sh\"\n";
			showEnvVarsInLog = 0;
		};
		98E96902B88708576D919F1F /* Check Pods Manifest.lock */ = {
			isa = PBXShellScriptBuildPhase;
			buildActionMask = 2147483647;
			files = (
			);
			inputPaths = (
			);
			name = "Check Pods Manifest.lock";
			outputPaths = (
			);
			runOnlyForDeploymentPostprocessing = 0;
			shellPath = /bin/sh;
			shellScript = "diff \"${PODS_ROOT}/../Podfile.lock\" \"${PODS_ROOT}/Manifest.lock\" > /dev/null\nif [[ $? != 0 ]] ; then\n    cat << EOM\nerror: The sandbox is not in sync with the Podfile.lock. Run 'pod install' or update your CocoaPods installation.\nEOM\n    exit 1\nfi\n";
			showEnvVarsInLog = 0;
		};
		E785132AC99228D050EBA11F /* Embed Pods Frameworks */ = {
			isa = PBXShellScriptBuildPhase;
			buildActionMask = 2147483647;
			files = (
			);
			inputPaths = (
			);
			name = "Embed Pods Frameworks";
			outputPaths = (
			);
			runOnlyForDeploymentPostprocessing = 0;
			shellPath = /bin/sh;
			shellScript = "\"${SRCROOT}/Pods/Target Support Files/Pods/Pods-frameworks.sh\"\n";
			showEnvVarsInLog = 0;
		};
/* End PBXShellScriptBuildPhase section */

/* Begin PBXSourcesBuildPhase section */
		2108F52E1B45510E00E22BE1 /* Sources */ = {
			isa = PBXSourcesBuildPhase;
			buildActionMask = 2147483647;
			files = (
				21A228371B520B4D00A7D727 /* ParsedTweetCell.swift in Sources */,
				21A228351B511C8400A7D727 /* ParsedTweet.swift in Sources */,
				21E81B261B80D2E700AFB6D0 /* UserDetailViewController.swift in Sources */,
				2108F53A1B45510E00E22BE1 /* ViewController.swift in Sources */,
				216D75361B5DC084004F145F /* LoginViewController.swift in Sources */,
				2108F5381B45510E00E22BE1 /* AppDelegate.swift in Sources */,
			);
			runOnlyForDeploymentPostprocessing = 0;
		};
		2108F5431B45510E00E22BE1 /* Sources */ = {
			isa = PBXSourcesBuildPhase;
			buildActionMask = 2147483647;
			files = (
				2108F54E1B45510E00E22BE1 /* MicropostsClientTests.swift in Sources */,
			);
			runOnlyForDeploymentPostprocessing = 0;
		};
/* End PBXSourcesBuildPhase section */

/* Begin PBXTargetDependency section */
		2108F5491B45510E00E22BE1 /* PBXTargetDependency */ = {
			isa = PBXTargetDependency;
			target = 2108F5311B45510E00E22BE1 /* MicropostsClient */;
			targetProxy = 2108F5481B45510E00E22BE1 /* PBXContainerItemProxy */;
		};
/* End PBXTargetDependency section */

/* Begin PBXVariantGroup section */
		2108F53B1B45510E00E22BE1 /* Main.storyboard */ = {
			isa = PBXVariantGroup;
			children = (
				2108F53C1B45510E00E22BE1 /* Base */,
			);
			name = Main.storyboard;
			sourceTree = "<group>";
		};
		2108F5401B45510E00E22BE1 /* LaunchScreen.xib */ = {
			isa = PBXVariantGroup;
			children = (
				2108F5411B45510E00E22BE1 /* Base */,
			);
			name = LaunchScreen.xib;
			sourceTree = "<group>";
		};
/* End PBXVariantGroup section */

/* Begin XCBuildConfiguration section */
		2108F54F1B45510E00E22BE1 /* Debug */ = {
			isa = XCBuildConfiguration;
			buildSettings = {
				ALWAYS_SEARCH_USER_PATHS = NO;
				CLANG_CXX_LANGUAGE_STANDARD = "gnu++0x";
				CLANG_CXX_LIBRARY = "libc++";
				CLANG_ENABLE_MODULES = YES;
				CLANG_ENABLE_OBJC_ARC = YES;
				CLANG_WARN_BOOL_CONVERSION = YES;
				CLANG_WARN_CONSTANT_CONVERSION = YES;
				CLANG_WARN_DIRECT_OBJC_ISA_USAGE = YES_ERROR;
				CLANG_WARN_EMPTY_BODY = YES;
				CLANG_WARN_ENUM_CONVERSION = YES;
				CLANG_WARN_INT_CONVERSION = YES;
				CLANG_WARN_OBJC_ROOT_CLASS = YES_ERROR;
				CLANG_WARN_UNREACHABLE_CODE = YES;
				CLANG_WARN__DUPLICATE_METHOD_MATCH = YES;
				"CODE_SIGN_IDENTITY[sdk=iphoneos*]" = "iPhone Developer";
				COPY_PHASE_STRIP = NO;
				DEBUG_INFORMATION_FORMAT = "dwarf-with-dsym";
				ENABLE_STRICT_OBJC_MSGSEND = YES;
				GCC_C_LANGUAGE_STANDARD = gnu99;
				GCC_DYNAMIC_NO_PIC = NO;
				GCC_NO_COMMON_BLOCKS = YES;
				GCC_OPTIMIZATION_LEVEL = 0;
				GCC_PREPROCESSOR_DEFINITIONS = (
					"DEBUG=1",
					"$(inherited)",
				);
				GCC_SYMBOLS_PRIVATE_EXTERN = NO;
				GCC_WARN_64_TO_32_BIT_CONVERSION = YES;
				GCC_WARN_ABOUT_RETURN_TYPE = YES_ERROR;
				GCC_WARN_UNDECLARED_SELECTOR = YES;
				GCC_WARN_UNINITIALIZED_AUTOS = YES_AGGRESSIVE;
				GCC_WARN_UNUSED_FUNCTION = YES;
				GCC_WARN_UNUSED_VARIABLE = YES;
				IPHONEOS_DEPLOYMENT_TARGET = 8.3;
				MTL_ENABLE_DEBUG_INFO = YES;
				ONLY_ACTIVE_ARCH = YES;
				SDKROOT = iphoneos;
				SWIFT_OPTIMIZATION_LEVEL = "-Onone";
			};
			name = Debug;
		};
		2108F5501B45510E00E22BE1 /* Release */ = {
			isa = XCBuildConfiguration;
			buildSettings = {
				ALWAYS_SEARCH_USER_PATHS = NO;
				CLANG_CXX_LANGUAGE_STANDARD = "gnu++0x";
				CLANG_CXX_LIBRARY = "libc++";
				CLANG_ENABLE_MODULES = YES;
				CLANG_ENABLE_OBJC_ARC = YES;
				CLANG_WARN_BOOL_CONVERSION = YES;
				CLANG_WARN_CONSTANT_CONVERSION = YES;
				CLANG_WARN_DIRECT_OBJC_ISA_USAGE = YES_ERROR;
				CLANG_WARN_EMPTY_BODY = YES;
				CLANG_WARN_ENUM_CONVERSION = YES;
				CLANG_WARN_INT_CONVERSION = YES;
				CLANG_WARN_OBJC_ROOT_CLASS = YES_ERROR;
				CLANG_WARN_UNREACHABLE_CODE = YES;
				CLANG_WARN__DUPLICATE_METHOD_MATCH = YES;
				"CODE_SIGN_IDENTITY[sdk=iphoneos*]" = "iPhone Developer";
				COPY_PHASE_STRIP = NO;
				DEBUG_INFORMATION_FORMAT = "dwarf-with-dsym";
				ENABLE_NS_ASSERTIONS = NO;
				ENABLE_STRICT_OBJC_MSGSEND = YES;
				GCC_C_LANGUAGE_STANDARD = gnu99;
				GCC_NO_COMMON_BLOCKS = YES;
				GCC_WARN_64_TO_32_BIT_CONVERSION = YES;
				GCC_WARN_ABOUT_RETURN_TYPE = YES_ERROR;
				GCC_WARN_UNDECLARED_SELECTOR = YES;
				GCC_WARN_UNINITIALIZED_AUTOS = YES_AGGRESSIVE;
				GCC_WARN_UNUSED_FUNCTION = YES;
				GCC_WARN_UNUSED_VARIABLE = YES;
				IPHONEOS_DEPLOYMENT_TARGET = 8.3;
				MTL_ENABLE_DEBUG_INFO = NO;
				SDKROOT = iphoneos;
				VALIDATE_PRODUCT = YES;
			};
			name = Release;
		};
		2108F5521B45510E00E22BE1 /* Debug */ = {
			isa = XCBuildConfiguration;
			baseConfigurationReference = 668E876D56C559E5EDA84847 /* Pods.debug.xcconfig */;
			buildSettings = {
				ASSETCATALOG_COMPILER_APPICON_NAME = AppIcon;
				INFOPLIST_FILE = MicropostsClient/Info.plist;
				LD_RUNPATH_SEARCH_PATHS = "$(inherited) @executable_path/Frameworks";
				PRODUCT_NAME = "$(TARGET_NAME)";
			};
			name = Debug;
		};
		2108F5531B45510E00E22BE1 /* Release */ = {
			isa = XCBuildConfiguration;
			baseConfigurationReference = 2CB8697D70D86EBC06A65D64 /* Pods.release.xcconfig */;
			buildSettings = {
				ASSETCATALOG_COMPILER_APPICON_NAME = AppIcon;
				INFOPLIST_FILE = MicropostsClient/Info.plist;
				LD_RUNPATH_SEARCH_PATHS = "$(inherited) @executable_path/Frameworks";
				PRODUCT_NAME = "$(TARGET_NAME)";
			};
			name = Release;
		};
		2108F5551B45510E00E22BE1 /* Debug */ = {
			isa = XCBuildConfiguration;
			buildSettings = {
				BUNDLE_LOADER = "$(TEST_HOST)";
				FRAMEWORK_SEARCH_PATHS = (
					"$(SDKROOT)/Developer/Library/Frameworks",
					"$(inherited)",
				);
				GCC_PREPROCESSOR_DEFINITIONS = (
					"DEBUG=1",
					"$(inherited)",
				);
				INFOPLIST_FILE = MicropostsClientTests/Info.plist;
				LD_RUNPATH_SEARCH_PATHS = "$(inherited) @executable_path/Frameworks @loader_path/Frameworks";
				PRODUCT_NAME = "$(TARGET_NAME)";
				TEST_HOST = "$(BUILT_PRODUCTS_DIR)/MicropostsClient.app/MicropostsClient";
			};
			name = Debug;
		};
		2108F5561B45510E00E22BE1 /* Release */ = {
			isa = XCBuildConfiguration;
			buildSettings = {
				BUNDLE_LOADER = "$(TEST_HOST)";
				FRAMEWORK_SEARCH_PATHS = (
					"$(SDKROOT)/Developer/Library/Frameworks",
					"$(inherited)",
				);
				INFOPLIST_FILE = MicropostsClientTests/Info.plist;
				LD_RUNPATH_SEARCH_PATHS = "$(inherited) @executable_path/Frameworks @loader_path/Frameworks";
				PRODUCT_NAME = "$(TARGET_NAME)";
				TEST_HOST = "$(BUILT_PRODUCTS_DIR)/MicropostsClient.app/MicropostsClient";
			};
			name = Release;
		};
/* End XCBuildConfiguration section */

/* Begin XCConfigurationList section */
		2108F52D1B45510E00E22BE1 /* Build configuration list for PBXProject "MicropostsClient" */ = {
			isa = XCConfigurationList;
			buildConfigurations = (
				2108F54F1B45510E00E22BE1 /* Debug */,
				2108F5501B45510E00E22BE1 /* Release */,
			);
			defaultConfigurationIsVisible = 0;
			defaultConfigurationName = Release;
		};
		2108F5511B45510E00E22BE1 /* Build configuration list for PBXNativeTarget "MicropostsClient" */ = {
			isa = XCConfigurationList;
			buildConfigurations = (
				2108F5521B45510E00E22BE1 /* Debug */,
				2108F5531B45510E00E22BE1 /* Release */,
			);
			defaultConfigurationIsVisible = 0;
			defaultConfigurationName = Release;
		};
		2108F5541B45510E00E22BE1 /* Build configuration list for PBXNativeTarget "MicropostsClientTests" */ = {
			isa = XCConfigurationList;
			buildConfigurations = (
				2108F5551B45510E00E22BE1 /* Debug */,
				2108F5561B45510E00E22BE1 /* Release */,
			);
			defaultConfigurationIsVisible = 0;
			defaultConfigurationName = Release;
		};
/* End XCConfigurationList section */
	};
	rootObject = 2108F52A1B45510E00E22BE1 /* Project object */;
}
